
Microsoft Visual Studio Solution File, Format Version 12.00
# Visual Studio Version 16
VisualStudioVersion = 16.0.31205.134
MinimumVisualStudioVersion = 10.0.40219.1
Project("{2150E333-8FDC-42A3-9474-1A3956D46DE8}") = "src", "src", "{72137726-8F71-4357-98F0-7DAA5B3C8316}"
EndProject
Project("{2150E333-8FDC-42A3-9474-1A3956D46DE8}") = "tests", "tests", "{DB8704C1-BAD6-466D-B185-5BD7BE605BE5}"
EndProject
Project("{2150E333-8FDC-42A3-9474-1A3956D46DE8}") = "docs", "docs", "{44F3ABCF-64FA-4D8D-BDC3-664F6D12C3F0}"
	ProjectSection(SolutionItems) = preProject
		docker-compose.yml = docker-compose.yml
	EndProjectSection
EndProject
Project("{2150E333-8FDC-42A3-9474-1A3956D46DE8}") = "producer", "producer", "{D1A505E0-D3B3-4CC6-BC0F-7EA1F35E7625}"
EndProject
Project("{FAE04EC0-301F-11D3-BF4B-00C04F79EFBC}") = "Kafka.Producer", "Kafka.Producer\Kafka.Producer.csproj", "{BBE4066B-1759-4D9D-A2E1-9DE07F7D8D42}"
EndProject
Project("{2150E333-8FDC-42A3-9474-1A3956D46DE8}") = "consumer", "consumer", "{6E50472D-FA70-46AD-B694-4E48CDBF9E39}"
EndProject
Project("{FAE04EC0-301F-11D3-BF4B-00C04F79EFBC}") = "Kafka.Consumer.Email", "Kafka.Consumer.Email\Kafka.Consumer.Email.csproj", "{70C1822C-ABAA-4104-9AC2-9864561658C5}"
EndProject
Project("{FAE04EC0-301F-11D3-BF4B-00C04F79EFBC}") = "Kafka.Consumer.Sms", "Kafka.Consumer.Sms\Kafka.Consumer.Sms.csproj", "{3DAD32A0-8FE7-4020-91D0-3507EF645B2C}"
EndProject
Project("{FAE04EC0-301F-11D3-BF4B-00C04F79EFBC}") = "Kafka.Consumer.Purchase", "Kafka.Consumer.Purchase\Kafka.Consumer.Purchase.csproj", "{16995044-C442-44E9-A239-2F5321B55E54}"
EndProject
Global
	GlobalSection(SolutionConfigurationPlatforms) = preSolution
		Debug|Any CPU = Debug|Any CPU
		Release|Any CPU = Release|Any CPU
	EndGlobalSection
	GlobalSection(ProjectConfigurationPlatforms) = postSolution
		{BBE4066B-1759-4D9D-A2E1-9DE07F7D8D42}.Debug|Any CPU.ActiveCfg = Debug|Any CPU
		{BBE4066B-1759-4D9D-A2E1-9DE07F7D8D42}.Debug|Any CPU.Build.0 = Debug|Any CPU
		{BBE4066B-1759-4D9D-A2E1-9DE07F7D8D42}.Release|Any CPU.ActiveCfg = Release|Any CPU
		{BBE4066B-1759-4D9D-A2E1-9DE07F7D8D42}.Release|Any CPU.Build.0 = Release|Any CPU
		{70C1822C-ABAA-4104-9AC2-9864561658C5}.Debug|Any CPU.ActiveCfg = Debug|Any CPU
		{70C1822C-ABAA-4104-9AC2-9864561658C5}.Debug|Any CPU.Build.0 = Debug|Any CPU
		{70C1822C-ABAA-4104-9AC2-9864561658C5}.Release|Any CPU.ActiveCfg = Release|Any CPU
		{70C1822C-ABAA-4104-9AC2-9864561658C5}.Release|Any CPU.Build.0 = Release|Any CPU
		{3DAD32A0-8FE7-4020-91D0-3507EF645B2C}.Debug|Any CPU.ActiveCfg = Debug|Any CPU
		{3DAD32A0-8FE7-4020-91D0-3507EF645B2C}.Debug|Any CPU.Build.0 = Debug|Any CPU
		{3DAD32A0-8FE7-4020-91D0-3507EF645B2C}.Release|Any CPU.ActiveCfg = Release|Any CPU
		{3DAD32A0-8FE7-4020-91D0-3507EF645B2C}.Release|Any CPU.Build.0 = Release|Any CPU
		{16995044-C442-44E9-A239-2F5321B55E54}.Debug|Any CPU.ActiveCfg = Debug|Any CPU
		{16995044-C442-44E9-A239-2F5321B55E54}.Debug|Any CPU.Build.0 = Debug|Any CPU
		{16995044-C442-44E9-A239-2F5321B55E54}.Release|Any CPU.ActiveCfg = Release|Any CPU
		{16995044-C442-44E9-A239-2F5321B55E54}.Release|Any CPU.Build.0 = Release|Any CPU
	EndGlobalSection
	GlobalSection(SolutionProperties) = preSolution
		HideSolutionNode = FALSE
	EndGlobalSection
	GlobalSection(NestedProjects) = preSolution
		{D1A505E0-D3B3-4CC6-BC0F-7EA1F35E7625} = {72137726-8F71-4357-98F0-7DAA5B3C8316}
		{BBE4066B-1759-4D9D-A2E1-9DE07F7D8D42} = {D1A505E0-D3B3-4CC6-BC0F-7EA1F35E7625}
		{6E50472D-FA70-46AD-B694-4E48CDBF9E39} = {72137726-8F71-4357-98F0-7DAA5B3C8316}
		{70C1822C-ABAA-4104-9AC2-9864561658C5} = {6E50472D-FA70-46AD-B694-4E48CDBF9E39}
		{3DAD32A0-8FE7-4020-91D0-3507EF645B2C} = {6E50472D-FA70-46AD-B694-4E48CDBF9E39}
		{16995044-C442-44E9-A239-2F5321B55E54} = {6E50472D-FA70-46AD-B694-4E48CDBF9E39}
	EndGlobalSection
	GlobalSection(ExtensibilityGlobals) = postSolution
		SolutionGuid = {AF65BFF5-D29C-43A1-9D1B-B26BF9DD34A5}
	EndGlobalSection
EndGlobal
